
Microsoft Visual Studio Solution File, Format Version 12.00
# Visual Studio 15
VisualStudioVersion = 15.0.27004.2002
MinimumVisualStudioVersion = 10.0.40219.1
Project("{9A19103F-16F7-4668-BE54-9A1E7A4F7556}") = "OnlineCourse.Panel", "OnlineCourse\OnlineCourse.Panel.csproj", "{C1475D70-8286-4251-BC71-5F9EA66362B7}"
	ProjectSection(ProjectDependencies) = postProject
		{8FF70BB3-9DBD-4AFD-B97B-1ACAFC34E1F7} = {8FF70BB3-9DBD-4AFD-B97B-1ACAFC34E1F7}
		{4D4BD0DC-2F8E-402C-B889-0F16D9A27C34} = {4D4BD0DC-2F8E-402C-B889-0F16D9A27C34}
	EndProjectSection
EndProject
Project("{9A19103F-16F7-4668-BE54-9A1E7A4F7556}") = "OnlineCourse.Entity", "OnlineCourse.Entity\OnlineCourse.Entity.csproj", "{4D4BD0DC-2F8E-402C-B889-0F16D9A27C34}"
EndProject
Project("{9A19103F-16F7-4668-BE54-9A1E7A4F7556}") = "OnlineCourse.Core", "OnlineCourse.Core\OnlineCourse.Core.csproj", "{8FF70BB3-9DBD-4AFD-B97B-1ACAFC34E1F7}"
EndProject
Project("{FAE04EC0-301F-11D3-BF4B-00C04F79EFBC}") = "BigBlueButton", "BigBlueButton\BigBlueButton.csproj", "{ED66BDE4-5A74-4A23-8DBA-5F6A45ECFAC9}"
EndProject
Global
	GlobalSection(SolutionConfigurationPlatforms) = preSolution
		Debug|Any CPU = Debug|Any CPU
		Release|Any CPU = Release|Any CPU
	EndGlobalSection
	GlobalSection(ProjectConfigurationPlatforms) = postSolution
		{C1475D70-8286-4251-BC71-5F9EA66362B7}.Debug|Any CPU.ActiveCfg = Debug|Any CPU
		{C1475D70-8286-4251-BC71-5F9EA66362B7}.Debug|Any CPU.Build.0 = Debug|Any CPU
		{C1475D70-8286-4251-BC71-5F9EA66362B7}.Release|Any CPU.ActiveCfg = Release|Any CPU
		{C1475D70-8286-4251-BC71-5F9EA66362B7}.Release|Any CPU.Build.0 = Release|Any CPU
		{4D4BD0DC-2F8E-402C-B889-0F16D9A27C34}.Debug|Any CPU.ActiveCfg = Debug|Any CPU
		{4D4BD0DC-2F8E-402C-B889-0F16D9A27C34}.Debug|Any CPU.Build.0 = Debug|Any CPU
		{4D4BD0DC-2F8E-402C-B889-0F16D9A27C34}.Release|Any CPU.ActiveCfg = Release|Any CPU
		{4D4BD0DC-2F8E-402C-B889-0F16D9A27C34}.Release|Any CPU.Build.0 = Release|Any CPU
		{8FF70BB3-9DBD-4AFD-B97B-1ACAFC34E1F7}.Debug|Any CPU.ActiveCfg = Debug|Any CPU
		{8FF70BB3-9DBD-4AFD-B97B-1ACAFC34E1F7}.Debug|Any CPU.Build.0 = Debug|Any CPU
		{8FF70BB3-9DBD-4AFD-B97B-1ACAFC34E1F7}.Release|Any CPU.ActiveCfg = Release|Any CPU
		{8FF70BB3-9DBD-4AFD-B97B-1ACAFC34E1F7}.Release|Any CPU.Build.0 = Release|Any CPU
		{ED66BDE4-5A74-4A23-8DBA-5F6A45ECFAC9}.Debug|Any CPU.ActiveCfg = Debug|Any CPU
		{ED66BDE4-5A74-4A23-8DBA-5F6A45ECFAC9}.Debug|Any CPU.Build.0 = Debug|Any CPU
		{ED66BDE4-5A74-4A23-8DBA-5F6A45ECFAC9}.Release|Any CPU.ActiveCfg = Release|Any CPU
		{ED66BDE4-5A74-4A23-8DBA-5F6A45ECFAC9}.Release|Any CPU.Build.0 = Release|Any CPU
	EndGlobalSection
	GlobalSection(SolutionProperties) = preSolution
		HideSolutionNode = FALSE
	EndGlobalSection
	GlobalSection(ExtensibilityGlobals) = postSolution
		SolutionGuid = {6FDACF99-EF74-406B-B353-846684CE0A61}
	EndGlobalSection
EndGlobal
